
Microsoft Visual Studio Solution File, Format Version 12.00
# Visual Studio Version 17
VisualStudioVersion = 17.3.32922.545
MinimumVisualStudioVersion = 10.0.40219.1
Project("{9A19103F-16F7-4668-BE54-9A1E7A4F7556}") = "Entidade", "Entidade\Entidade.csproj", "{2131E273-DD1B-4D5B-BFF5-93909B308367}"
EndProject
Project("{9A19103F-16F7-4668-BE54-9A1E7A4F7556}") = "Repositorio", "Repositorio\Repositorio.csproj", "{665059EF-6C91-4C41-A533-BFA7B4A66E68}"
EndProject
Project("{9A19103F-16F7-4668-BE54-9A1E7A4F7556}") = "UI", "UI\UI.csproj", "{B74AECAA-58D5-4E5A-BB55-138E908B754A}"
EndProject
Global
	GlobalSection(SolutionConfigurationPlatforms) = preSolution
		Debug|Any CPU = Debug|Any CPU
		Release|Any CPU = Release|Any CPU
	EndGlobalSection
	GlobalSection(ProjectConfigurationPlatforms) = postSolution
		{2131E273-DD1B-4D5B-BFF5-93909B308367}.Debug|Any CPU.ActiveCfg = Debug|Any CPU
		{2131E273-DD1B-4D5B-BFF5-93909B308367}.Debug|Any CPU.Build.0 = Debug|Any CPU
		{2131E273-DD1B-4D5B-BFF5-93909B308367}.Release|Any CPU.ActiveCfg = Release|Any CPU
		{2131E273-DD1B-4D5B-BFF5-93909B308367}.Release|Any CPU.Build.0 = Release|Any CPU
		{665059EF-6C91-4C41-A533-BFA7B4A66E68}.Debug|Any CPU.ActiveCfg = Debug|Any CPU
		{665059EF-6C91-4C41-A533-BFA7B4A66E68}.Debug|Any CPU.Build.0 = Debug|Any CPU
		{665059EF-6C91-4C41-A533-BFA7B4A66E68}.Release|Any CPU.ActiveCfg = Release|Any CPU
		{665059EF-6C91-4C41-A533-BFA7B4A66E68}.Release|Any CPU.Build.0 = Release|Any CPU
		{B74AECAA-58D5-4E5A-BB55-138E908B754A}.Debug|Any CPU.ActiveCfg = Debug|Any CPU
		{B74AECAA-58D5-4E5A-BB55-138E908B754A}.Debug|Any CPU.Build.0 = Debug|Any CPU
		{B74AECAA-58D5-4E5A-BB55-138E908B754A}.Release|Any CPU.ActiveCfg = Release|Any CPU
		{B74AECAA-58D5-4E5A-BB55-138E908B754A}.Release|Any CPU.Build.0 = Release|Any CPU
	EndGlobalSection
	GlobalSection(SolutionProperties) = preSolution
		HideSolutionNode = FALSE
	EndGlobalSection
	GlobalSection(ExtensibilityGlobals) = postSolution
		SolutionGuid = {87F3D5F8-1874-42F2-A76B-8AEC9F4FC1BA}
	EndGlobalSection
EndGlobal
